
Microsoft Visual Studio Solution File, Format Version 12.00
# Visual Studio Version 17
VisualStudioVersion = 17.11.35303.130
MinimumVisualStudioVersion = 10.0.40219.1
Project("{FAE04EC0-301F-11D3-BF4B-00C04F79EFBC}") = "MvcTask", "MvcTask\MvcTask.csproj", "{E8934EBE-A1CD-4A70-B6E6-BD3CF0105F4F}"
EndProject
Global
	GlobalSection(SolutionConfigurationPlatforms) = preSolution
		Debug|Any CPU = Debug|Any CPU
		Release|Any CPU = Release|Any CPU
	EndGlobalSection
	GlobalSection(ProjectConfigurationPlatforms) = postSolution
		{E8934EBE-A1CD-4A70-B6E6-BD3CF0105F4F}.Debug|Any CPU.ActiveCfg = Debug|Any CPU
		{E8934EBE-A1CD-4A70-B6E6-BD3CF0105F4F}.Debug|Any CPU.Build.0 = Debug|Any CPU
		{E8934EBE-A1CD-4A70-B6E6-BD3CF0105F4F}.Release|Any CPU.ActiveCfg = Release|Any CPU
		{E8934EBE-A1CD-4A70-B6E6-BD3CF0105F4F}.Release|Any CPU.Build.0 = Release|Any CPU
	EndGlobalSection
	GlobalSection(SolutionProperties) = preSolution
		HideSolutionNode = FALSE
	EndGlobalSection
	GlobalSection(ExtensibilityGlobals) = postSolution
		SolutionGuid = {22EAC0BD-214B-40BA-AE77-7253B33E852C}
	EndGlobalSection
EndGlobal
